
Microsoft Visual Studio Solution File, Format Version 12.00
# Visual Studio Version 17
VisualStudioVersion = 17.5.33627.172
MinimumVisualStudioVersion = 10.0.40219.1
Project("{2150E333-8FDC-42A3-9474-1A3956D46DE8}") = "OpenGL", "OpenGL", "{8E94A112-1F88-491B-AAA1-DA24E2DB7E9E}"
EndProject
Project("{2150E333-8FDC-42A3-9474-1A3956D46DE8}") = "LearnOpenGL.com", "LearnOpenGL.com", "{A42B25E4-8397-4A86-821F-DE197E21EC8A}"
	ProjectSection(SolutionItems) = preProject
		OpenGL\LearnOpenGL.com\README.md = OpenGL\LearnOpenGL.com\README.md
	EndProjectSection
EndProject
Project("{8BC9CEB8-8B4A-11D0-8D11-00A0C91BC942}") = "01 - Hello Triangle", "OpenGL\LearnOpenGL.com\Tutorials\Hello Triangle\Hello Triangle.vcxproj", "{ED46D118-B4A5-4567-90C2-98954CD6BA99}"
EndProject
Project("{8BC9CEB8-8B4A-11D0-8D11-00A0C91BC942}") = "Shared", "OpenGL\Shared\Shared.vcxproj", "{7A4C94D7-84AB-427D-9095-2DD064579BBB}"
EndProject
Project("{8BC9CEB8-8B4A-11D0-8D11-00A0C91BC942}") = "02 - Element Buffer Objects", "OpenGL\LearnOpenGL.com\Tutorials\Element Buffer Objects\Element Buffer Objects.vcxproj", "{227670E0-7D33-47A8-A80C-372BCEA7163C}"
EndProject
Project("{2150E333-8FDC-42A3-9474-1A3956D46DE8}") = "Excercises", "Excercises", "{38E73FE7-671C-4493-A459-68F2FF7CC08F}"
EndProject
Project("{2150E333-8FDC-42A3-9474-1A3956D46DE8}") = "Tutorials", "Tutorials", "{EBCD2649-80D6-443A-9898-2B4F7DE9BA9F}"
EndProject
Project("{8BC9CEB8-8B4A-11D0-8D11-00A0C91BC942}") = "01 - Two Triangles", "OpenGL\LearnOpenGL.com\Excercises\Two Triangles\Two Triangles.vcxproj", "{398B836D-BE7A-481D-9EE2-7E1402A666DE}"
EndProject
Project("{8BC9CEB8-8B4A-11D0-8D11-00A0C91BC942}") = "02 - Two Triangles 2", "OpenGL\LearnOpenGL.com\Excercises\Two Triangles 2\Two Triangles 2.vcxproj", "{964711DA-D3ED-4CE3-8394-B929CD43BA22}"
EndProject
Project("{8BC9CEB8-8B4A-11D0-8D11-00A0C91BC942}") = "03 - Two Color Triangles", "OpenGL\LearnOpenGL.com\Excercises\Two Color Triangles\Two Color Triangles.vcxproj", "{A0FA72DE-6A20-4875-B109-1B203C66ABAD}"
EndProject
Project("{8BC9CEB8-8B4A-11D0-8D11-00A0C91BC942}") = "03 - Uniforms", "OpenGL\LearnOpenGL.com\Tutorials\Uniforms\Uniforms.vcxproj", "{5A67F8DE-5B74-43F2-A201-CAA692CF20F0}"
EndProject
Project("{8BC9CEB8-8B4A-11D0-8D11-00A0C91BC942}") = "04 - Textures", "OpenGL\LearnOpenGL.com\Tutorials\Textures\Textures.vcxproj", "{1FAC8002-2445-437B-A3E9-DA89C75A82BD}"
EndProject
Global
	GlobalSection(SolutionConfigurationPlatforms) = preSolution
		Debug|x64 = Debug|x64
		Debug|x86 = Debug|x86
		Release|x64 = Release|x64
		Release|x86 = Release|x86
	EndGlobalSection
	GlobalSection(ProjectConfigurationPlatforms) = postSolution
		{ED46D118-B4A5-4567-90C2-98954CD6BA99}.Debug|x64.ActiveCfg = Debug|x64
		{ED46D118-B4A5-4567-90C2-98954CD6BA99}.Debug|x64.Build.0 = Debug|x64
		{ED46D118-B4A5-4567-90C2-98954CD6BA99}.Debug|x86.ActiveCfg = Debug|Win32
		{ED46D118-B4A5-4567-90C2-98954CD6BA99}.Debug|x86.Build.0 = Debug|Win32
		{ED46D118-B4A5-4567-90C2-98954CD6BA99}.Release|x64.ActiveCfg = Release|x64
		{ED46D118-B4A5-4567-90C2-98954CD6BA99}.Release|x64.Build.0 = Release|x64
		{ED46D118-B4A5-4567-90C2-98954CD6BA99}.Release|x86.ActiveCfg = Release|Win32
		{ED46D118-B4A5-4567-90C2-98954CD6BA99}.Release|x86.Build.0 = Release|Win32
		{7A4C94D7-84AB-427D-9095-2DD064579BBB}.Debug|x64.ActiveCfg = Debug|x64
		{7A4C94D7-84AB-427D-9095-2DD064579BBB}.Debug|x64.Build.0 = Debug|x64
		{7A4C94D7-84AB-427D-9095-2DD064579BBB}.Debug|x86.ActiveCfg = Debug|Win32
		{7A4C94D7-84AB-427D-9095-2DD064579BBB}.Debug|x86.Build.0 = Debug|Win32
		{7A4C94D7-84AB-427D-9095-2DD064579BBB}.Release|x64.ActiveCfg = Release|x64
		{7A4C94D7-84AB-427D-9095-2DD064579BBB}.Release|x64.Build.0 = Release|x64
		{7A4C94D7-84AB-427D-9095-2DD064579BBB}.Release|x86.ActiveCfg = Release|Win32
		{7A4C94D7-84AB-427D-9095-2DD064579BBB}.Release|x86.Build.0 = Release|Win32
		{227670E0-7D33-47A8-A80C-372BCEA7163C}.Debug|x64.ActiveCfg = Debug|x64
		{227670E0-7D33-47A8-A80C-372BCEA7163C}.Debug|x64.Build.0 = Debug|x64
		{227670E0-7D33-47A8-A80C-372BCEA7163C}.Debug|x86.ActiveCfg = Debug|Win32
		{227670E0-7D33-47A8-A80C-372BCEA7163C}.Debug|x86.Build.0 = Debug|Win32
		{227670E0-7D33-47A8-A80C-372BCEA7163C}.Release|x64.ActiveCfg = Release|x64
		{227670E0-7D33-47A8-A80C-372BCEA7163C}.Release|x64.Build.0 = Release|x64
		{227670E0-7D33-47A8-A80C-372BCEA7163C}.Release|x86.ActiveCfg = Release|Win32
		{227670E0-7D33-47A8-A80C-372BCEA7163C}.Release|x86.Build.0 = Release|Win32
		{398B836D-BE7A-481D-9EE2-7E1402A666DE}.Debug|x64.ActiveCfg = Debug|x64
		{398B836D-BE7A-481D-9EE2-7E1402A666DE}.Debug|x64.Build.0 = Debug|x64
		{398B836D-BE7A-481D-9EE2-7E1402A666DE}.Debug|x86.ActiveCfg = Debug|Win32
		{398B836D-BE7A-481D-9EE2-7E1402A666DE}.Debug|x86.Build.0 = Debug|Win32
		{398B836D-BE7A-481D-9EE2-7E1402A666DE}.Release|x64.ActiveCfg = Release|x64
		{398B836D-BE7A-481D-9EE2-7E1402A666DE}.Release|x64.Build.0 = Release|x64
		{398B836D-BE7A-481D-9EE2-7E1402A666DE}.Release|x86.ActiveCfg = Release|Win32
		{398B836D-BE7A-481D-9EE2-7E1402A666DE}.Release|x86.Build.0 = Release|Win32
		{964711DA-D3ED-4CE3-8394-B929CD43BA22}.Debug|x64.ActiveCfg = Debug|x64
		{964711DA-D3ED-4CE3-8394-B929CD43BA22}.Debug|x64.Build.0 = Debug|x64
		{964711DA-D3ED-4CE3-8394-B929CD43BA22}.Debug|x86.ActiveCfg = Debug|Win32
		{964711DA-D3ED-4CE3-8394-B929CD43BA22}.Debug|x86.Build.0 = Debug|Win32
		{964711DA-D3ED-4CE3-8394-B929CD43BA22}.Release|x64.ActiveCfg = Release|x64
		{964711DA-D3ED-4CE3-8394-B929CD43BA22}.Release|x64.Build.0 = Release|x64
		{964711DA-D3ED-4CE3-8394-B929CD43BA22}.Release|x86.ActiveCfg = Release|Win32
		{964711DA-D3ED-4CE3-8394-B929CD43BA22}.Release|x86.Build.0 = Release|Win32
		{A0FA72DE-6A20-4875-B109-1B203C66ABAD}.Debug|x64.ActiveCfg = Debug|x64
		{A0FA72DE-6A20-4875-B109-1B203C66ABAD}.Debug|x64.Build.0 = Debug|x64
		{A0FA72DE-6A20-4875-B109-1B203C66ABAD}.Debug|x86.ActiveCfg = Debug|Win32
		{A0FA72DE-6A20-4875-B109-1B203C66ABAD}.Debug|x86.Build.0 = Debug|Win32
		{A0FA72DE-6A20-4875-B109-1B203C66ABAD}.Release|x64.ActiveCfg = Release|x64
		{A0FA72DE-6A20-4875-B109-1B203C66ABAD}.Release|x64.Build.0 = Release|x64
		{A0FA72DE-6A20-4875-B109-1B203C66ABAD}.Release|x86.ActiveCfg = Release|Win32
		{A0FA72DE-6A20-4875-B109-1B203C66ABAD}.Release|x86.Build.0 = Release|Win32
		{5A67F8DE-5B74-43F2-A201-CAA692CF20F0}.Debug|x64.ActiveCfg = Debug|x64
		{5A67F8DE-5B74-43F2-A201-CAA692CF20F0}.Debug|x64.Build.0 = Debug|x64
		{5A67F8DE-5B74-43F2-A201-CAA692CF20F0}.Debug|x86.ActiveCfg = Debug|Win32
		{5A67F8DE-5B74-43F2-A201-CAA692CF20F0}.Debug|x86.Build.0 = Debug|Win32
		{5A67F8DE-5B74-43F2-A201-CAA692CF20F0}.Release|x64.ActiveCfg = Release|x64
		{5A67F8DE-5B74-43F2-A201-CAA692CF20F0}.Release|x64.Build.0 = Release|x64
		{5A67F8DE-5B74-43F2-A201-CAA692CF20F0}.Release|x86.ActiveCfg = Release|Win32
		{5A67F8DE-5B74-43F2-A201-CAA692CF20F0}.Release|x86.Build.0 = Release|Win32
		{1FAC8002-2445-437B-A3E9-DA89C75A82BD}.Debug|x64.ActiveCfg = Debug|x64
		{1FAC8002-2445-437B-A3E9-DA89C75A82BD}.Debug|x64.Build.0 = Debug|x64
		{1FAC8002-2445-437B-A3E9-DA89C75A82BD}.Debug|x86.ActiveCfg = Debug|Win32
		{1FAC8002-2445-437B-A3E9-DA89C75A82BD}.Debug|x86.Build.0 = Debug|Win32
		{1FAC8002-2445-437B-A3E9-DA89C75A82BD}.Release|x64.ActiveCfg = Release|x64
		{1FAC8002-2445-437B-A3E9-DA89C75A82BD}.Release|x64.Build.0 = Release|x64
		{1FAC8002-2445-437B-A3E9-DA89C75A82BD}.Release|x86.ActiveCfg = Release|Win32
		{1FAC8002-2445-437B-A3E9-DA89C75A82BD}.Release|x86.Build.0 = Release|Win32
	EndGlobalSection
	GlobalSection(SolutionProperties) = preSolution
		HideSolutionNode = FALSE
	EndGlobalSection
	GlobalSection(NestedProjects) = preSolution
		{A42B25E4-8397-4A86-821F-DE197E21EC8A} = {8E94A112-1F88-491B-AAA1-DA24E2DB7E9E}
		{ED46D118-B4A5-4567-90C2-98954CD6BA99} = {EBCD2649-80D6-443A-9898-2B4F7DE9BA9F}
		{7A4C94D7-84AB-427D-9095-2DD064579BBB} = {8E94A112-1F88-491B-AAA1-DA24E2DB7E9E}
		{227670E0-7D33-47A8-A80C-372BCEA7163C} = {EBCD2649-80D6-443A-9898-2B4F7DE9BA9F}
		{38E73FE7-671C-4493-A459-68F2FF7CC08F} = {A42B25E4-8397-4A86-821F-DE197E21EC8A}
		{EBCD2649-80D6-443A-9898-2B4F7DE9BA9F} = {A42B25E4-8397-4A86-821F-DE197E21EC8A}
		{398B836D-BE7A-481D-9EE2-7E1402A666DE} = {38E73FE7-671C-4493-A459-68F2FF7CC08F}
		{964711DA-D3ED-4CE3-8394-B929CD43BA22} = {38E73FE7-671C-4493-A459-68F2FF7CC08F}
		{A0FA72DE-6A20-4875-B109-1B203C66ABAD} = {38E73FE7-671C-4493-A459-68F2FF7CC08F}
		{5A67F8DE-5B74-43F2-A201-CAA692CF20F0} = {EBCD2649-80D6-443A-9898-2B4F7DE9BA9F}
		{1FAC8002-2445-437B-A3E9-DA89C75A82BD} = {EBCD2649-80D6-443A-9898-2B4F7DE9BA9F}
	EndGlobalSection
	GlobalSection(ExtensibilityGlobals) = postSolution
		SolutionGuid = {2503D3BB-F01E-42BC-AAA5-EA5F771501F2}
	EndGlobalSection
EndGlobal
