
Microsoft Visual Studio Solution File, Format Version 12.00
# Visual Studio Version 17
VisualStudioVersion = 17.5.33627.172
MinimumVisualStudioVersion = 10.0.40219.1
Project("{2150E333-8FDC-42A3-9474-1A3956D46DE8}") = "OpenGL", "OpenGL", "{8E94A112-1F88-491B-AAA1-DA24E2DB7E9E}"
EndProject
Project("{2150E333-8FDC-42A3-9474-1A3956D46DE8}") = "LearnOpenGL.com", "LearnOpenGL.com", "{A42B25E4-8397-4A86-821F-DE197E21EC8A}"
	ProjectSection(SolutionItems) = preProject
		OpenGL\LearnOpenGL.com\README.md = OpenGL\LearnOpenGL.com\README.md
	EndProjectSection
EndProject
Project("{8BC9CEB8-8B4A-11D0-8D11-00A0C91BC942}") = "Hello Triangle", "OpenGL\LearnOpenGL.com\Hello Triangle\Hello Triangle.vcxproj", "{ED46D118-B4A5-4567-90C2-98954CD6BA99}"
EndProject
Project("{8BC9CEB8-8B4A-11D0-8D11-00A0C91BC942}") = "Shared", "OpenGL\Shared\Shared.vcxproj", "{7A4C94D7-84AB-427D-9095-2DD064579BBB}"
EndProject
Global
	GlobalSection(SolutionConfigurationPlatforms) = preSolution
		Debug|x64 = Debug|x64
		Debug|x86 = Debug|x86
		Release|x64 = Release|x64
		Release|x86 = Release|x86
	EndGlobalSection
	GlobalSection(ProjectConfigurationPlatforms) = postSolution
		{ED46D118-B4A5-4567-90C2-98954CD6BA99}.Debug|x64.ActiveCfg = Debug|x64
		{ED46D118-B4A5-4567-90C2-98954CD6BA99}.Debug|x64.Build.0 = Debug|x64
		{ED46D118-B4A5-4567-90C2-98954CD6BA99}.Debug|x86.ActiveCfg = Debug|Win32
		{ED46D118-B4A5-4567-90C2-98954CD6BA99}.Debug|x86.Build.0 = Debug|Win32
		{ED46D118-B4A5-4567-90C2-98954CD6BA99}.Release|x64.ActiveCfg = Release|x64
		{ED46D118-B4A5-4567-90C2-98954CD6BA99}.Release|x64.Build.0 = Release|x64
		{ED46D118-B4A5-4567-90C2-98954CD6BA99}.Release|x86.ActiveCfg = Release|Win32
		{ED46D118-B4A5-4567-90C2-98954CD6BA99}.Release|x86.Build.0 = Release|Win32
		{7A4C94D7-84AB-427D-9095-2DD064579BBB}.Debug|x64.ActiveCfg = Debug|x64
		{7A4C94D7-84AB-427D-9095-2DD064579BBB}.Debug|x64.Build.0 = Debug|x64
		{7A4C94D7-84AB-427D-9095-2DD064579BBB}.Debug|x86.ActiveCfg = Debug|Win32
		{7A4C94D7-84AB-427D-9095-2DD064579BBB}.Debug|x86.Build.0 = Debug|Win32
		{7A4C94D7-84AB-427D-9095-2DD064579BBB}.Release|x64.ActiveCfg = Release|x64
		{7A4C94D7-84AB-427D-9095-2DD064579BBB}.Release|x64.Build.0 = Release|x64
		{7A4C94D7-84AB-427D-9095-2DD064579BBB}.Release|x86.ActiveCfg = Release|Win32
		{7A4C94D7-84AB-427D-9095-2DD064579BBB}.Release|x86.Build.0 = Release|Win32
	EndGlobalSection
	GlobalSection(SolutionProperties) = preSolution
		HideSolutionNode = FALSE
	EndGlobalSection
	GlobalSection(NestedProjects) = preSolution
		{A42B25E4-8397-4A86-821F-DE197E21EC8A} = {8E94A112-1F88-491B-AAA1-DA24E2DB7E9E}
		{ED46D118-B4A5-4567-90C2-98954CD6BA99} = {A42B25E4-8397-4A86-821F-DE197E21EC8A}
		{7A4C94D7-84AB-427D-9095-2DD064579BBB} = {8E94A112-1F88-491B-AAA1-DA24E2DB7E9E}
	EndGlobalSection
	GlobalSection(ExtensibilityGlobals) = postSolution
		SolutionGuid = {2503D3BB-F01E-42BC-AAA5-EA5F771501F2}
	EndGlobalSection
EndGlobal
